// !$*UTF8*$!
{
	archiveVersion = 1;
	classes = {
	};
	objectVersion = 55;
	objects = {

/* Begin PBXBuildFile section */
		8D0DE68B29EDBC9F0094C671 /* Observable.swift in Sources */ = {isa = PBXBuildFile; fileRef = 8D0DE68A29EDBC9F0094C671 /* Observable.swift */; };
		8D0DE68F29EDCDA40094C671 /* MainMovieCell.swift in Sources */ = {isa = PBXBuildFile; fileRef = 8D0DE68D29EDCDA40094C671 /* MainMovieCell.swift */; };
		8D0DE69029EDCDA40094C671 /* MainMovieCell.xib in Resources */ = {isa = PBXBuildFile; fileRef = 8D0DE68E29EDCDA40094C671 /* MainMovieCell.xib */; };
		8D0DE69229EDD1360094C671 /* UIView+Extension.swift in Sources */ = {isa = PBXBuildFile; fileRef = 8D0DE69129EDD1360094C671 /* UIView+Extension.swift */; };
		8D0DE69429EDD2360094C671 /* MovieTableCellViewModel.swift in Sources */ = {isa = PBXBuildFile; fileRef = 8D0DE69329EDD2360094C671 /* MovieTableCellViewModel.swift */; };
		8D0DE69729EDD59A0094C671 /* SDWebImage in Frameworks */ = {isa = PBXBuildFile; productRef = 8D0DE69629EDD59A0094C671 /* SDWebImage */; };
		8DC23C0629E9CF7F00EEC3FA /* AppDelegate.swift in Sources */ = {isa = PBXBuildFile; fileRef = 8DC23C0529E9CF7F00EEC3FA /* AppDelegate.swift */; };
		8DC23C0F29E9CF8100EEC3FA /* Assets.xcassets in Resources */ = {isa = PBXBuildFile; fileRef = 8DC23C0E29E9CF8100EEC3FA /* Assets.xcassets */; };
		8DC23C1229E9CF8100EEC3FA /* LaunchScreen.storyboard in Resources */ = {isa = PBXBuildFile; fileRef = 8DC23C1029E9CF8100EEC3FA /* LaunchScreen.storyboard */; };
		8DC23C1D29E9CF8100EEC3FA /* TrendingMoviesTests.swift in Sources */ = {isa = PBXBuildFile; fileRef = 8DC23C1C29E9CF8100EEC3FA /* TrendingMoviesTests.swift */; };
		8DC23C2729E9CF8100EEC3FA /* TrendingMoviesUITests.swift in Sources */ = {isa = PBXBuildFile; fileRef = 8DC23C2629E9CF8100EEC3FA /* TrendingMoviesUITests.swift */; };
		8DC23C2929E9CF8100EEC3FA /* TrendingMoviesUITestsLaunchTests.swift in Sources */ = {isa = PBXBuildFile; fileRef = 8DC23C2829E9CF8100EEC3FA /* TrendingMoviesUITestsLaunchTests.swift */; };
		8DC23C3829E9D0A800EEC3FA /* MainViewController.swift in Sources */ = {isa = PBXBuildFile; fileRef = 8DC23C3629E9D0A800EEC3FA /* MainViewController.swift */; };
		8DC23C3929E9D0A800EEC3FA /* MainViewController.xib in Resources */ = {isa = PBXBuildFile; fileRef = 8DC23C3729E9D0A800EEC3FA /* MainViewController.xib */; };
		8DC23C4329E9DEAE00EEC3FA /* MainViewController+TableView.swift in Sources */ = {isa = PBXBuildFile; fileRef = 8DC23C4229E9DEAE00EEC3FA /* MainViewController+TableView.swift */; };
		8DC23C4529E9E06A00EEC3FA /* MainViewModel.swift in Sources */ = {isa = PBXBuildFile; fileRef = 8DC23C4429E9E06A00EEC3FA /* MainViewModel.swift */; };
		8DC23C4729E9E7F800EEC3FA /* NetworkConstant.swift in Sources */ = {isa = PBXBuildFile; fileRef = 8DC23C4629E9E7F800EEC3FA /* NetworkConstant.swift */; };
		8DC23C4929E9E93E00EEC3FA /* APICaller.swift in Sources */ = {isa = PBXBuildFile; fileRef = 8DC23C4829E9E93E00EEC3FA /* APICaller.swift */; };
		8DC23C4B29E9E9A200EEC3FA /* TrendingMoviesModel.swift in Sources */ = {isa = PBXBuildFile; fileRef = 8DC23C4A29E9E9A200EEC3FA /* TrendingMoviesModel.swift */; };
/* End PBXBuildFile section */

/* Begin PBXContainerItemProxy section */
		8DC23C1929E9CF8100EEC3FA /* PBXContainerItemProxy */ = {
			isa = PBXContainerItemProxy;
			containerPortal = 8DC23BFA29E9CF7F00EEC3FA /* Project object */;
			proxyType = 1;
			remoteGlobalIDString = 8DC23C0129E9CF7F00EEC3FA;
			remoteInfo = TrendingMovies;
		};
		8DC23C2329E9CF8100EEC3FA /* PBXContainerItemProxy */ = {
			isa = PBXContainerItemProxy;
			containerPortal = 8DC23BFA29E9CF7F00EEC3FA /* Project object */;
			proxyType = 1;
			remoteGlobalIDString = 8DC23C0129E9CF7F00EEC3FA;
			remoteInfo = TrendingMovies;
		};
/* End PBXContainerItemProxy section */

/* Begin PBXFileReference section */
		8D0DE68A29EDBC9F0094C671 /* Observable.swift */ = {isa = PBXFileReference; lastKnownFileType = sourcecode.swift; path = Observable.swift; sourceTree = "<group>"; };
		8D0DE68D29EDCDA40094C671 /* MainMovieCell.swift */ = {isa = PBXFileReference; lastKnownFileType = sourcecode.swift; path = MainMovieCell.swift; sourceTree = "<group>"; };
		8D0DE68E29EDCDA40094C671 /* MainMovieCell.xib */ = {isa = PBXFileReference; lastKnownFileType = file.xib; path = MainMovieCell.xib; sourceTree = "<group>"; };
		8D0DE69129EDD1360094C671 /* UIView+Extension.swift */ = {isa = PBXFileReference; lastKnownFileType = sourcecode.swift; path = "UIView+Extension.swift"; sourceTree = "<group>"; };
		8D0DE69329EDD2360094C671 /* MovieTableCellViewModel.swift */ = {isa = PBXFileReference; lastKnownFileType = sourcecode.swift; path = MovieTableCellViewModel.swift; sourceTree = "<group>"; };
		8DC23C0229E9CF7F00EEC3FA /* TrendingMovies.app */ = {isa = PBXFileReference; explicitFileType = wrapper.application; includeInIndex = 0; path = TrendingMovies.app; sourceTree = BUILT_PRODUCTS_DIR; };
		8DC23C0529E9CF7F00EEC3FA /* AppDelegate.swift */ = {isa = PBXFileReference; lastKnownFileType = sourcecode.swift; path = AppDelegate.swift; sourceTree = "<group>"; };
		8DC23C0E29E9CF8100EEC3FA /* Assets.xcassets */ = {isa = PBXFileReference; lastKnownFileType = folder.assetcatalog; path = Assets.xcassets; sourceTree = "<group>"; };
		8DC23C1129E9CF8100EEC3FA /* Base */ = {isa = PBXFileReference; lastKnownFileType = file.storyboard; name = Base; path = Base.lproj/LaunchScreen.storyboard; sourceTree = "<group>"; };
		8DC23C1329E9CF8100EEC3FA /* Info.plist */ = {isa = PBXFileReference; lastKnownFileType = text.plist.xml; path = Info.plist; sourceTree = "<group>"; };
		8DC23C1829E9CF8100EEC3FA /* TrendingMoviesTests.xctest */ = {isa = PBXFileReference; explicitFileType = wrapper.cfbundle; includeInIndex = 0; path = TrendingMoviesTests.xctest; sourceTree = BUILT_PRODUCTS_DIR; };
		8DC23C1C29E9CF8100EEC3FA /* TrendingMoviesTests.swift */ = {isa = PBXFileReference; lastKnownFileType = sourcecode.swift; path = TrendingMoviesTests.swift; sourceTree = "<group>"; };
		8DC23C2229E9CF8100EEC3FA /* TrendingMoviesUITests.xctest */ = {isa = PBXFileReference; explicitFileType = wrapper.cfbundle; includeInIndex = 0; path = TrendingMoviesUITests.xctest; sourceTree = BUILT_PRODUCTS_DIR; };
		8DC23C2629E9CF8100EEC3FA /* TrendingMoviesUITests.swift */ = {isa = PBXFileReference; lastKnownFileType = sourcecode.swift; path = TrendingMoviesUITests.swift; sourceTree = "<group>"; };
		8DC23C2829E9CF8100EEC3FA /* TrendingMoviesUITestsLaunchTests.swift */ = {isa = PBXFileReference; lastKnownFileType = sourcecode.swift; path = TrendingMoviesUITestsLaunchTests.swift; sourceTree = "<group>"; };
		8DC23C3629E9D0A800EEC3FA /* MainViewController.swift */ = {isa = PBXFileReference; lastKnownFileType = sourcecode.swift; path = MainViewController.swift; sourceTree = "<group>"; };
		8DC23C3729E9D0A800EEC3FA /* MainViewController.xib */ = {isa = PBXFileReference; lastKnownFileType = file.xib; path = MainViewController.xib; sourceTree = "<group>"; };
		8DC23C4229E9DEAE00EEC3FA /* MainViewController+TableView.swift */ = {isa = PBXFileReference; lastKnownFileType = sourcecode.swift; path = "MainViewController+TableView.swift"; sourceTree = "<group>"; };
		8DC23C4429E9E06A00EEC3FA /* MainViewModel.swift */ = {isa = PBXFileReference; lastKnownFileType = sourcecode.swift; path = MainViewModel.swift; sourceTree = "<group>"; };
		8DC23C4629E9E7F800EEC3FA /* NetworkConstant.swift */ = {isa = PBXFileReference; lastKnownFileType = sourcecode.swift; path = NetworkConstant.swift; sourceTree = "<group>"; };
		8DC23C4829E9E93E00EEC3FA /* APICaller.swift */ = {isa = PBXFileReference; lastKnownFileType = sourcecode.swift; path = APICaller.swift; sourceTree = "<group>"; };
		8DC23C4A29E9E9A200EEC3FA /* TrendingMoviesModel.swift */ = {isa = PBXFileReference; lastKnownFileType = sourcecode.swift; path = TrendingMoviesModel.swift; sourceTree = "<group>"; };
/* End PBXFileReference section */

/* Begin PBXFrameworksBuildPhase section */
		8DC23BFF29E9CF7F00EEC3FA /* Frameworks */ = {
			isa = PBXFrameworksBuildPhase;
			buildActionMask = 2147483647;
			files = (
				8D0DE69729EDD59A0094C671 /* SDWebImage in Frameworks */,
			);
			runOnlyForDeploymentPostprocessing = 0;
		};
		8DC23C1529E9CF8100EEC3FA /* Frameworks */ = {
			isa = PBXFrameworksBuildPhase;
			buildActionMask = 2147483647;
			files = (
			);
			runOnlyForDeploymentPostprocessing = 0;
		};
		8DC23C1F29E9CF8100EEC3FA /* Frameworks */ = {
			isa = PBXFrameworksBuildPhase;
			buildActionMask = 2147483647;
			files = (
			);
			runOnlyForDeploymentPostprocessing = 0;
		};
/* End PBXFrameworksBuildPhase section */

/* Begin PBXGroup section */
		8D0DE68C29EDCD6D0094C671 /* MainMovieCell */ = {
			isa = PBXGroup;
			children = (
				8D0DE68D29EDCDA40094C671 /* MainMovieCell.swift */,
				8D0DE68E29EDCDA40094C671 /* MainMovieCell.xib */,
			);
			path = MainMovieCell;
			sourceTree = "<group>";
		};
		8DC23BF929E9CF7F00EEC3FA = {
			isa = PBXGroup;
			children = (
				8DC23C0429E9CF7F00EEC3FA /* TrendingMovies */,
				8DC23C1B29E9CF8100EEC3FA /* TrendingMoviesTests */,
				8DC23C2529E9CF8100EEC3FA /* TrendingMoviesUITests */,
				8DC23C0329E9CF7F00EEC3FA /* Products */,
			);
			sourceTree = "<group>";
		};
		8DC23C0329E9CF7F00EEC3FA /* Products */ = {
			isa = PBXGroup;
			children = (
				8DC23C0229E9CF7F00EEC3FA /* TrendingMovies.app */,
				8DC23C1829E9CF8100EEC3FA /* TrendingMoviesTests.xctest */,
				8DC23C2229E9CF8100EEC3FA /* TrendingMoviesUITests.xctest */,
			);
			name = Products;
			sourceTree = "<group>";
		};
		8DC23C0429E9CF7F00EEC3FA /* TrendingMovies */ = {
			isa = PBXGroup;
			children = (
				8DC23C3E29E9D31A00EEC3FA /* Classes */,
				8DC23C3C29E9D30500EEC3FA /* Controllers */,
				8DC23C4029E9D33600EEC3FA /* Extensions */,
				8DC23C3D29E9D30D00EEC3FA /* Model */,
				8DC23C4129E9D34400EEC3FA /* Networking */,
				8DC23C3F29E9D32300EEC3FA /* Resources */,
				8DC23C3B29E9D2FE00EEC3FA /* ViewModel */,
				8DC23C3A29E9D2F100EEC3FA /* View */,
				8DC23C0529E9CF7F00EEC3FA /* AppDelegate.swift */,
				8DC23C1329E9CF8100EEC3FA /* Info.plist */,
			);
			path = TrendingMovies;
			sourceTree = "<group>";
		};
		8DC23C1B29E9CF8100EEC3FA /* TrendingMoviesTests */ = {
			isa = PBXGroup;
			children = (
				8DC23C1C29E9CF8100EEC3FA /* TrendingMoviesTests.swift */,
			);
			path = TrendingMoviesTests;
			sourceTree = "<group>";
		};
		8DC23C2529E9CF8100EEC3FA /* TrendingMoviesUITests */ = {
			isa = PBXGroup;
			children = (
				8DC23C2629E9CF8100EEC3FA /* TrendingMoviesUITests.swift */,
				8DC23C2829E9CF8100EEC3FA /* TrendingMoviesUITestsLaunchTests.swift */,
			);
			path = TrendingMoviesUITests;
			sourceTree = "<group>";
		};
		8DC23C3529E9D07F00EEC3FA /* MainViewController */ = {
			isa = PBXGroup;
			children = (
				8DC23C3629E9D0A800EEC3FA /* MainViewController.swift */,
				8DC23C3729E9D0A800EEC3FA /* MainViewController.xib */,
				8DC23C4229E9DEAE00EEC3FA /* MainViewController+TableView.swift */,
			);
			path = MainViewController;
			sourceTree = "<group>";
		};
		8DC23C3A29E9D2F100EEC3FA /* View */ = {
			isa = PBXGroup;
			children = (
				8D0DE68C29EDCD6D0094C671 /* MainMovieCell */,
				8DC23C1029E9CF8100EEC3FA /* LaunchScreen.storyboard */,
			);
			path = View;
			sourceTree = "<group>";
		};
		8DC23C3B29E9D2FE00EEC3FA /* ViewModel */ = {
			isa = PBXGroup;
			children = (
				8DC23C4429E9E06A00EEC3FA /* MainViewModel.swift */,
				8D0DE69329EDD2360094C671 /* MovieTableCellViewModel.swift */,
			);
			path = ViewModel;
			sourceTree = "<group>";
		};
		8DC23C3C29E9D30500EEC3FA /* Controllers */ = {
			isa = PBXGroup;
			children = (
				8DC23C3529E9D07F00EEC3FA /* MainViewController */,
			);
			path = Controllers;
			sourceTree = "<group>";
		};
		8DC23C3D29E9D30D00EEC3FA /* Model */ = {
			isa = PBXGroup;
			children = (
				8DC23C4A29E9E9A200EEC3FA /* TrendingMoviesModel.swift */,
			);
			path = Model;
			sourceTree = "<group>";
		};
		8DC23C3E29E9D31A00EEC3FA /* Classes */ = {
			isa = PBXGroup;
			children = (
				8D0DE68A29EDBC9F0094C671 /* Observable.swift */,
			);
			path = Classes;
			sourceTree = "<group>";
		};
		8DC23C3F29E9D32300EEC3FA /* Resources */ = {
			isa = PBXGroup;
			children = (
				8DC23C0E29E9CF8100EEC3FA /* Assets.xcassets */,
			);
			path = Resources;
			sourceTree = "<group>";
		};
		8DC23C4029E9D33600EEC3FA /* Extensions */ = {
			isa = PBXGroup;
			children = (
				8D0DE69129EDD1360094C671 /* UIView+Extension.swift */,
			);
			path = Extensions;
			sourceTree = "<group>";
		};
		8DC23C4129E9D34400EEC3FA /* Networking */ = {
			isa = PBXGroup;
			children = (
				8DC23C4629E9E7F800EEC3FA /* NetworkConstant.swift */,
				8DC23C4829E9E93E00EEC3FA /* APICaller.swift */,
			);
			path = Networking;
			sourceTree = "<group>";
		};
/* End PBXGroup section */

/* Begin PBXNativeTarget section */
		8DC23C0129E9CF7F00EEC3FA /* TrendingMovies */ = {
			isa = PBXNativeTarget;
			buildConfigurationList = 8DC23C2C29E9CF8100EEC3FA /* Build configuration list for PBXNativeTarget "TrendingMovies" */;
			buildPhases = (
				8DC23BFE29E9CF7F00EEC3FA /* Sources */,
				8DC23BFF29E9CF7F00EEC3FA /* Frameworks */,
				8DC23C0029E9CF7F00EEC3FA /* Resources */,
			);
			buildRules = (
			);
			dependencies = (
			);
			name = TrendingMovies;
			packageProductDependencies = (
				8D0DE69629EDD59A0094C671 /* SDWebImage */,
			);
			productName = TrendingMovies;
			productReference = 8DC23C0229E9CF7F00EEC3FA /* TrendingMovies.app */;
			productType = "com.apple.product-type.application";
		};
		8DC23C1729E9CF8100EEC3FA /* TrendingMoviesTests */ = {
			isa = PBXNativeTarget;
			buildConfigurationList = 8DC23C2F29E9CF8100EEC3FA /* Build configuration list for PBXNativeTarget "TrendingMoviesTests" */;
			buildPhases = (
				8DC23C1429E9CF8100EEC3FA /* Sources */,
				8DC23C1529E9CF8100EEC3FA /* Frameworks */,
				8DC23C1629E9CF8100EEC3FA /* Resources */,
			);
			buildRules = (
			);
			dependencies = (
				8DC23C1A29E9CF8100EEC3FA /* PBXTargetDependency */,
			);
			name = TrendingMoviesTests;
			productName = TrendingMoviesTests;
			productReference = 8DC23C1829E9CF8100EEC3FA /* TrendingMoviesTests.xctest */;
			productType = "com.apple.product-type.bundle.unit-test";
		};
		8DC23C2129E9CF8100EEC3FA /* TrendingMoviesUITests */ = {
			isa = PBXNativeTarget;
			buildConfigurationList = 8DC23C3229E9CF8100EEC3FA /* Build configuration list for PBXNativeTarget "TrendingMoviesUITests" */;
			buildPhases = (
				8DC23C1E29E9CF8100EEC3FA /* Sources */,
				8DC23C1F29E9CF8100EEC3FA /* Frameworks */,
				8DC23C2029E9CF8100EEC3FA /* Resources */,
			);
			buildRules = (
			);
			dependencies = (
				8DC23C2429E9CF8100EEC3FA /* PBXTargetDependency */,
			);
			name = TrendingMoviesUITests;
			productName = TrendingMoviesUITests;
			productReference = 8DC23C2229E9CF8100EEC3FA /* TrendingMoviesUITests.xctest */;
			productType = "com.apple.product-type.bundle.ui-testing";
		};
/* End PBXNativeTarget section */

/* Begin PBXProject section */
		8DC23BFA29E9CF7F00EEC3FA /* Project object */ = {
			isa = PBXProject;
			attributes = {
				BuildIndependentTargetsInParallel = 1;
				LastSwiftUpdateCheck = 1340;
				LastUpgradeCheck = 1340;
				TargetAttributes = {
					8DC23C0129E9CF7F00EEC3FA = {
						CreatedOnToolsVersion = 13.4.1;
					};
					8DC23C1729E9CF8100EEC3FA = {
						CreatedOnToolsVersion = 13.4.1;
						TestTargetID = 8DC23C0129E9CF7F00EEC3FA;
					};
					8DC23C2129E9CF8100EEC3FA = {
						CreatedOnToolsVersion = 13.4.1;
						TestTargetID = 8DC23C0129E9CF7F00EEC3FA;
					};
				};
			};
			buildConfigurationList = 8DC23BFD29E9CF7F00EEC3FA /* Build configuration list for PBXProject "TrendingMovies" */;
			compatibilityVersion = "Xcode 13.0";
			developmentRegion = en;
			hasScannedForEncodings = 0;
			knownRegions = (
				en,
				Base,
			);
			mainGroup = 8DC23BF929E9CF7F00EEC3FA;
			packageReferences = (
				8D0DE69529EDD59A0094C671 /* XCRemoteSwiftPackageReference "SDWebImage" */,
			);
			productRefGroup = 8DC23C0329E9CF7F00EEC3FA /* Products */;
			projectDirPath = "";
			projectRoot = "";
			targets = (
				8DC23C0129E9CF7F00EEC3FA /* TrendingMovies */,
				8DC23C1729E9CF8100EEC3FA /* TrendingMoviesTests */,
				8DC23C2129E9CF8100EEC3FA /* TrendingMoviesUITests */,
			);
		};
/* End PBXProject section */

/* Begin PBXResourcesBuildPhase section */
		8DC23C0029E9CF7F00EEC3FA /* Resources */ = {
			isa = PBXResourcesBuildPhase;
			buildActionMask = 2147483647;
			files = (
				8DC23C1229E9CF8100EEC3FA /* LaunchScreen.storyboard in Resources */,
				8DC23C3929E9D0A800EEC3FA /* MainViewController.xib in Resources */,
				8DC23C0F29E9CF8100EEC3FA /* Assets.xcassets in Resources */,
				8D0DE69029EDCDA40094C671 /* MainMovieCell.xib in Resources */,
			);
			runOnlyForDeploymentPostprocessing = 0;
		};
		8DC23C1629E9CF8100EEC3FA /* Resources */ = {
			isa = PBXResourcesBuildPhase;
			buildActionMask = 2147483647;
			files = (
			);
			runOnlyForDeploymentPostprocessing = 0;
		};
		8DC23C2029E9CF8100EEC3FA /* Resources */ = {
			isa = PBXResourcesBuildPhase;
			buildActionMask = 2147483647;
			files = (
			);
			runOnlyForDeploymentPostprocessing = 0;
		};
/* End PBXResourcesBuildPhase section */

/* Begin PBXSourcesBuildPhase section */
		8DC23BFE29E9CF7F00EEC3FA /* Sources */ = {
			isa = PBXSourcesBuildPhase;
			buildActionMask = 2147483647;
			files = (
				8D0DE68B29EDBC9F0094C671 /* Observable.swift in Sources */,
				8D0DE68F29EDCDA40094C671 /* MainMovieCell.swift in Sources */,
				8DC23C0629E9CF7F00EEC3FA /* AppDelegate.swift in Sources */,
				8DC23C4929E9E93E00EEC3FA /* APICaller.swift in Sources */,
				8DC23C4329E9DEAE00EEC3FA /* MainViewController+TableView.swift in Sources */,
				8DC23C3829E9D0A800EEC3FA /* MainViewController.swift in Sources */,
				8DC23C4729E9E7F800EEC3FA /* NetworkConstant.swift in Sources */,
				8D0DE69429EDD2360094C671 /* MovieTableCellViewModel.swift in Sources */,
				8DC23C4529E9E06A00EEC3FA /* MainViewModel.swift in Sources */,
				8D0DE69229EDD1360094C671 /* UIView+Extension.swift in Sources */,
				8DC23C4B29E9E9A200EEC3FA /* TrendingMoviesModel.swift in Sources */,
			);
			runOnlyForDeploymentPostprocessing = 0;
		};
		8DC23C1429E9CF8100EEC3FA /* Sources */ = {
			isa = PBXSourcesBuildPhase;
			buildActionMask = 2147483647;
			files = (
				8DC23C1D29E9CF8100EEC3FA /* TrendingMoviesTests.swift in Sources */,
			);
			runOnlyForDeploymentPostprocessing = 0;
		};
		8DC23C1E29E9CF8100EEC3FA /* Sources */ = {
			isa = PBXSourcesBuildPhase;
			buildActionMask = 2147483647;
			files = (
				8DC23C2929E9CF8100EEC3FA /* TrendingMoviesUITestsLaunchTests.swift in Sources */,
				8DC23C2729E9CF8100EEC3FA /* TrendingMoviesUITests.swift in Sources */,
			);
			runOnlyForDeploymentPostprocessing = 0;
		};
/* End PBXSourcesBuildPhase section */

/* Begin PBXTargetDependency section */
		8DC23C1A29E9CF8100EEC3FA /* PBXTargetDependency */ = {
			isa = PBXTargetDependency;
			target = 8DC23C0129E9CF7F00EEC3FA /* TrendingMovies */;
			targetProxy = 8DC23C1929E9CF8100EEC3FA /* PBXContainerItemProxy */;
		};
		8DC23C2429E9CF8100EEC3FA /* PBXTargetDependency */ = {
			isa = PBXTargetDependency;
			target = 8DC23C0129E9CF7F00EEC3FA /* TrendingMovies */;
			targetProxy = 8DC23C2329E9CF8100EEC3FA /* PBXContainerItemProxy */;
		};
/* End PBXTargetDependency section */

/* Begin PBXVariantGroup section */
		8DC23C1029E9CF8100EEC3FA /* LaunchScreen.storyboard */ = {
			isa = PBXVariantGroup;
			children = (
				8DC23C1129E9CF8100EEC3FA /* Base */,
			);
			name = LaunchScreen.storyboard;
			sourceTree = "<group>";
		};
/* End PBXVariantGroup section */

/* Begin XCBuildConfiguration section */
		8DC23C2A29E9CF8100EEC3FA /* Debug */ = {
			isa = XCBuildConfiguration;
			buildSettings = {
				ALWAYS_SEARCH_USER_PATHS = NO;
				CLANG_ANALYZER_NONNULL = YES;
				CLANG_ANALYZER_NUMBER_OBJECT_CONVERSION = YES_AGGRESSIVE;
				CLANG_CXX_LANGUAGE_STANDARD = "gnu++17";
				CLANG_ENABLE_MODULES = YES;
				CLANG_ENABLE_OBJC_ARC = YES;
				CLANG_ENABLE_OBJC_WEAK = YES;
				CLANG_WARN_BLOCK_CAPTURE_AUTORELEASING = YES;
				CLANG_WARN_BOOL_CONVERSION = YES;
				CLANG_WARN_COMMA = YES;
				CLANG_WARN_CONSTANT_CONVERSION = YES;
				CLANG_WARN_DEPRECATED_OBJC_IMPLEMENTATIONS = YES;
				CLANG_WARN_DIRECT_OBJC_ISA_USAGE = YES_ERROR;
				CLANG_WARN_DOCUMENTATION_COMMENTS = YES;
				CLANG_WARN_EMPTY_BODY = YES;
				CLANG_WARN_ENUM_CONVERSION = YES;
				CLANG_WARN_INFINITE_RECURSION = YES;
				CLANG_WARN_INT_CONVERSION = YES;
				CLANG_WARN_NON_LITERAL_NULL_CONVERSION = YES;
				CLANG_WARN_OBJC_IMPLICIT_RETAIN_SELF = YES;
				CLANG_WARN_OBJC_LITERAL_CONVERSION = YES;
				CLANG_WARN_OBJC_ROOT_CLASS = YES_ERROR;
				CLANG_WARN_QUOTED_INCLUDE_IN_FRAMEWORK_HEADER = YES;
				CLANG_WARN_RANGE_LOOP_ANALYSIS = YES;
				CLANG_WARN_STRICT_PROTOTYPES = YES;
				CLANG_WARN_SUSPICIOUS_MOVE = YES;
				CLANG_WARN_UNGUARDED_AVAILABILITY = YES_AGGRESSIVE;
				CLANG_WARN_UNREACHABLE_CODE = YES;
				CLANG_WARN__DUPLICATE_METHOD_MATCH = YES;
				COPY_PHASE_STRIP = NO;
				DEBUG_INFORMATION_FORMAT = dwarf;
				ENABLE_STRICT_OBJC_MSGSEND = YES;
				ENABLE_TESTABILITY = YES;
				GCC_C_LANGUAGE_STANDARD = gnu11;
				GCC_DYNAMIC_NO_PIC = NO;
				GCC_NO_COMMON_BLOCKS = YES;
				GCC_OPTIMIZATION_LEVEL = 0;
				GCC_PREPROCESSOR_DEFINITIONS = (
					"DEBUG=1",
					"$(inherited)",
				);
				GCC_WARN_64_TO_32_BIT_CONVERSION = YES;
				GCC_WARN_ABOUT_RETURN_TYPE = YES_ERROR;
				GCC_WARN_UNDECLARED_SELECTOR = YES;
				GCC_WARN_UNINITIALIZED_AUTOS = YES_AGGRESSIVE;
				GCC_WARN_UNUSED_FUNCTION = YES;
				GCC_WARN_UNUSED_VARIABLE = YES;
				IPHONEOS_DEPLOYMENT_TARGET = 15.5;
				MTL_ENABLE_DEBUG_INFO = INCLUDE_SOURCE;
				MTL_FAST_MATH = YES;
				ONLY_ACTIVE_ARCH = YES;
				SDKROOT = iphoneos;
				SWIFT_ACTIVE_COMPILATION_CONDITIONS = DEBUG;
				SWIFT_OPTIMIZATION_LEVEL = "-Onone";
			};
			name = Debug;
		};
		8DC23C2B29E9CF8100EEC3FA /* Release */ = {
			isa = XCBuildConfiguration;
			buildSettings = {
				ALWAYS_SEARCH_USER_PATHS = NO;
				CLANG_ANALYZER_NONNULL = YES;
				CLANG_ANALYZER_NUMBER_OBJECT_CONVERSION = YES_AGGRESSIVE;
				CLANG_CXX_LANGUAGE_STANDARD = "gnu++17";
				CLANG_ENABLE_MODULES = YES;
				CLANG_ENABLE_OBJC_ARC = YES;
				CLANG_ENABLE_OBJC_WEAK = YES;
				CLANG_WARN_BLOCK_CAPTURE_AUTORELEASING = YES;
				CLANG_WARN_BOOL_CONVERSION = YES;
				CLANG_WARN_COMMA = YES;
				CLANG_WARN_CONSTANT_CONVERSION = YES;
				CLANG_WARN_DEPRECATED_OBJC_IMPLEMENTATIONS = YES;
				CLANG_WARN_DIRECT_OBJC_ISA_USAGE = YES_ERROR;
				CLANG_WARN_DOCUMENTATION_COMMENTS = YES;
				CLANG_WARN_EMPTY_BODY = YES;
				CLANG_WARN_ENUM_CONVERSION = YES;
				CLANG_WARN_INFINITE_RECURSION = YES;
				CLANG_WARN_INT_CONVERSION = YES;
				CLANG_WARN_NON_LITERAL_NULL_CONVERSION = YES;
				CLANG_WARN_OBJC_IMPLICIT_RETAIN_SELF = YES;
				CLANG_WARN_OBJC_LITERAL_CONVERSION = YES;
				CLANG_WARN_OBJC_ROOT_CLASS = YES_ERROR;
				CLANG_WARN_QUOTED_INCLUDE_IN_FRAMEWORK_HEADER = YES;
				CLANG_WARN_RANGE_LOOP_ANALYSIS = YES;
				CLANG_WARN_STRICT_PROTOTYPES = YES;
				CLANG_WARN_SUSPICIOUS_MOVE = YES;
				CLANG_WARN_UNGUARDED_AVAILABILITY = YES_AGGRESSIVE;
				CLANG_WARN_UNREACHABLE_CODE = YES;
				CLANG_WARN__DUPLICATE_METHOD_MATCH = YES;
				COPY_PHASE_STRIP = NO;
				DEBUG_INFORMATION_FORMAT = "dwarf-with-dsym";
				ENABLE_NS_ASSERTIONS = NO;
				ENABLE_STRICT_OBJC_MSGSEND = YES;
				GCC_C_LANGUAGE_STANDARD = gnu11;
				GCC_NO_COMMON_BLOCKS = YES;
				GCC_WARN_64_TO_32_BIT_CONVERSION = YES;
				GCC_WARN_ABOUT_RETURN_TYPE = YES_ERROR;
				GCC_WARN_UNDECLARED_SELECTOR = YES;
				GCC_WARN_UNINITIALIZED_AUTOS = YES_AGGRESSIVE;
				GCC_WARN_UNUSED_FUNCTION = YES;
				GCC_WARN_UNUSED_VARIABLE = YES;
				IPHONEOS_DEPLOYMENT_TARGET = 15.5;
				MTL_ENABLE_DEBUG_INFO = NO;
				MTL_FAST_MATH = YES;
				SDKROOT = iphoneos;
				SWIFT_COMPILATION_MODE = wholemodule;
				SWIFT_OPTIMIZATION_LEVEL = "-O";
				VALIDATE_PRODUCT = YES;
			};
			name = Release;
		};
		8DC23C2D29E9CF8100EEC3FA /* Debug */ = {
			isa = XCBuildConfiguration;
			buildSettings = {
				ASSETCATALOG_COMPILER_APPICON_NAME = AppIcon;
				ASSETCATALOG_COMPILER_GLOBAL_ACCENT_COLOR_NAME = AccentColor;
				CODE_SIGN_STYLE = Automatic;
				CURRENT_PROJECT_VERSION = 1;
				DEVELOPMENT_TEAM = TGBHB6DPPU;
				GENERATE_INFOPLIST_FILE = YES;
				INFOPLIST_FILE = TrendingMovies/Info.plist;
				INFOPLIST_KEY_UIApplicationSupportsIndirectInputEvents = YES;
				INFOPLIST_KEY_UILaunchStoryboardName = LaunchScreen;
				INFOPLIST_KEY_UISupportedInterfaceOrientations = UIInterfaceOrientationPortrait;
				INFOPLIST_KEY_UISupportedInterfaceOrientations_iPad = "UIInterfaceOrientationPortrait UIInterfaceOrientationPortraitUpsideDown UIInterfaceOrientationLandscapeLeft UIInterfaceOrientationLandscapeRight";
				INFOPLIST_KEY_UISupportedInterfaceOrientations_iPhone = "UIInterfaceOrientationPortrait UIInterfaceOrientationLandscapeLeft UIInterfaceOrientationLandscapeRight";
				LD_RUNPATH_SEARCH_PATHS = (
					"$(inherited)",
					"@executable_path/Frameworks",
				);
				MARKETING_VERSION = 1.0;
				PRODUCT_BUNDLE_IDENTIFIER = com.rafaelnunes.TrendingMovies;
				PRODUCT_NAME = "$(TARGET_NAME)";
				SWIFT_EMIT_LOC_STRINGS = YES;
				SWIFT_VERSION = 5.0;
				TARGETED_DEVICE_FAMILY = 1;
			};
			name = Debug;
		};
		8DC23C2E29E9CF8100EEC3FA /* Release */ = {
			isa = XCBuildConfiguration;
			buildSettings = {
				ASSETCATALOG_COMPILER_APPICON_NAME = AppIcon;
				ASSETCATALOG_COMPILER_GLOBAL_ACCENT_COLOR_NAME = AccentColor;
				CODE_SIGN_STYLE = Automatic;
				CURRENT_PROJECT_VERSION = 1;
				DEVELOPMENT_TEAM = TGBHB6DPPU;
				GENERATE_INFOPLIST_FILE = YES;
				INFOPLIST_FILE = TrendingMovies/Info.plist;
				INFOPLIST_KEY_UIApplicationSupportsIndirectInputEvents = YES;
				INFOPLIST_KEY_UILaunchStoryboardName = LaunchScreen;
				INFOPLIST_KEY_UISupportedInterfaceOrientations = UIInterfaceOrientationPortrait;
				INFOPLIST_KEY_UISupportedInterfaceOrientations_iPad = "UIInterfaceOrientationPortrait UIInterfaceOrientationPortraitUpsideDown UIInterfaceOrientationLandscapeLeft UIInterfaceOrientationLandscapeRight";
				INFOPLIST_KEY_UISupportedInterfaceOrientations_iPhone = "UIInterfaceOrientationPortrait UIInterfaceOrientationLandscapeLeft UIInterfaceOrientationLandscapeRight";
				LD_RUNPATH_SEARCH_PATHS = (
					"$(inherited)",
					"@executable_path/Frameworks",
				);
				MARKETING_VERSION = 1.0;
				PRODUCT_BUNDLE_IDENTIFIER = com.rafaelnunes.TrendingMovies;
				PRODUCT_NAME = "$(TARGET_NAME)";
				SWIFT_EMIT_LOC_STRINGS = YES;
				SWIFT_VERSION = 5.0;
				TARGETED_DEVICE_FAMILY = 1;
			};
			name = Release;
		};
		8DC23C3029E9CF8100EEC3FA /* Debug */ = {
			isa = XCBuildConfiguration;
			buildSettings = {
				ALWAYS_EMBED_SWIFT_STANDARD_LIBRARIES = YES;
				BUNDLE_LOADER = "$(TEST_HOST)";
				CODE_SIGN_STYLE = Automatic;
				CURRENT_PROJECT_VERSION = 1;
				DEVELOPMENT_TEAM = TGBHB6DPPU;
				GENERATE_INFOPLIST_FILE = YES;
				IPHONEOS_DEPLOYMENT_TARGET = 15.5;
				MARKETING_VERSION = 1.0;
				PRODUCT_BUNDLE_IDENTIFIER = com.rafaelnunes.TrendingMoviesTests;
				PRODUCT_NAME = "$(TARGET_NAME)";
				SWIFT_EMIT_LOC_STRINGS = NO;
				SWIFT_VERSION = 5.0;
				TARGETED_DEVICE_FAMILY = "1,2";
				TEST_HOST = "$(BUILT_PRODUCTS_DIR)/TrendingMovies.app/TrendingMovies";
			};
			name = Debug;
		};
		8DC23C3129E9CF8100EEC3FA /* Release */ = {
			isa = XCBuildConfiguration;
			buildSettings = {
				ALWAYS_EMBED_SWIFT_STANDARD_LIBRARIES = YES;
				BUNDLE_LOADER = "$(TEST_HOST)";
				CODE_SIGN_STYLE = Automatic;
				CURRENT_PROJECT_VERSION = 1;
				DEVELOPMENT_TEAM = TGBHB6DPPU;
				GENERATE_INFOPLIST_FILE = YES;
				IPHONEOS_DEPLOYMENT_TARGET = 15.5;
				MARKETING_VERSION = 1.0;
				PRODUCT_BUNDLE_IDENTIFIER = com.rafaelnunes.TrendingMoviesTests;
				PRODUCT_NAME = "$(TARGET_NAME)";
				SWIFT_EMIT_LOC_STRINGS = NO;
				SWIFT_VERSION = 5.0;
				TARGETED_DEVICE_FAMILY = "1,2";
				TEST_HOST = "$(BUILT_PRODUCTS_DIR)/TrendingMovies.app/TrendingMovies";
			};
			name = Release;
		};
		8DC23C3329E9CF8100EEC3FA /* Debug */ = {
			isa = XCBuildConfiguration;
			buildSettings = {
				ALWAYS_EMBED_SWIFT_STANDARD_LIBRARIES = YES;
				CODE_SIGN_STYLE = Automatic;
				CURRENT_PROJECT_VERSION = 1;
				DEVELOPMENT_TEAM = TGBHB6DPPU;
				GENERATE_INFOPLIST_FILE = YES;
				MARKETING_VERSION = 1.0;
				PRODUCT_BUNDLE_IDENTIFIER = com.rafaelnunes.TrendingMoviesUITests;
				PRODUCT_NAME = "$(TARGET_NAME)";
				SWIFT_EMIT_LOC_STRINGS = NO;
				SWIFT_VERSION = 5.0;
				TARGETED_DEVICE_FAMILY = "1,2";
				TEST_TARGET_NAME = TrendingMovies;
			};
			name = Debug;
		};
		8DC23C3429E9CF8100EEC3FA /* Release */ = {
			isa = XCBuildConfiguration;
			buildSettings = {
				ALWAYS_EMBED_SWIFT_STANDARD_LIBRARIES = YES;
				CODE_SIGN_STYLE = Automatic;
				CURRENT_PROJECT_VERSION = 1;
				DEVELOPMENT_TEAM = TGBHB6DPPU;
				GENERATE_INFOPLIST_FILE = YES;
				MARKETING_VERSION = 1.0;
				PRODUCT_BUNDLE_IDENTIFIER = com.rafaelnunes.TrendingMoviesUITests;
				PRODUCT_NAME = "$(TARGET_NAME)";
				SWIFT_EMIT_LOC_STRINGS = NO;
				SWIFT_VERSION = 5.0;
				TARGETED_DEVICE_FAMILY = "1,2";
				TEST_TARGET_NAME = TrendingMovies;
			};
			name = Release;
		};
/* End XCBuildConfiguration section */

/* Begin XCConfigurationList section */
		8DC23BFD29E9CF7F00EEC3FA /* Build configuration list for PBXProject "TrendingMovies" */ = {
			isa = XCConfigurationList;
			buildConfigurations = (
				8DC23C2A29E9CF8100EEC3FA /* Debug */,
				8DC23C2B29E9CF8100EEC3FA /* Release */,
			);
			defaultConfigurationIsVisible = 0;
			defaultConfigurationName = Release;
		};
		8DC23C2C29E9CF8100EEC3FA /* Build configuration list for PBXNativeTarget "TrendingMovies" */ = {
			isa = XCConfigurationList;
			buildConfigurations = (
				8DC23C2D29E9CF8100EEC3FA /* Debug */,
				8DC23C2E29E9CF8100EEC3FA /* Release */,
			);
			defaultConfigurationIsVisible = 0;
			defaultConfigurationName = Release;
		};
		8DC23C2F29E9CF8100EEC3FA /* Build configuration list for PBXNativeTarget "TrendingMoviesTests" */ = {
			isa = XCConfigurationList;
			buildConfigurations = (
				8DC23C3029E9CF8100EEC3FA /* Debug */,
				8DC23C3129E9CF8100EEC3FA /* Release */,
			);
			defaultConfigurationIsVisible = 0;
			defaultConfigurationName = Release;
		};
		8DC23C3229E9CF8100EEC3FA /* Build configuration list for PBXNativeTarget "TrendingMoviesUITests" */ = {
			isa = XCConfigurationList;
			buildConfigurations = (
				8DC23C3329E9CF8100EEC3FA /* Debug */,
				8DC23C3429E9CF8100EEC3FA /* Release */,
			);
			defaultConfigurationIsVisible = 0;
			defaultConfigurationName = Release;
		};
/* End XCConfigurationList section */

/* Begin XCRemoteSwiftPackageReference section */
		8D0DE69529EDD59A0094C671 /* XCRemoteSwiftPackageReference "SDWebImage" */ = {
			isa = XCRemoteSwiftPackageReference;
			repositoryURL = "https://github.com/SDWebImage/SDWebImage";
			requirement = {
				kind = upToNextMajorVersion;
				minimumVersion = 5.0.0;
			};
		};
/* End XCRemoteSwiftPackageReference section */

/* Begin XCSwiftPackageProductDependency section */
		8D0DE69629EDD59A0094C671 /* SDWebImage */ = {
			isa = XCSwiftPackageProductDependency;
			package = 8D0DE69529EDD59A0094C671 /* XCRemoteSwiftPackageReference "SDWebImage" */;
			productName = SDWebImage;
		};
/* End XCSwiftPackageProductDependency section */
	};
	rootObject = 8DC23BFA29E9CF7F00EEC3FA /* Project object */;
}
